
Microsoft Visual Studio Solution File, Format Version 12.00
# Visual Studio Version 17
VisualStudioVersion = 17.8.34330.188
MinimumVisualStudioVersion = 10.0.40219.1
Project("{2150E333-8FDC-42A3-9474-1A3956D46DE8}") = "ApiGateways", "ApiGateways", "{46C0B672-21F6-45BA-AF7A-F7BCCBE8997F}"
EndProject
Project("{2150E333-8FDC-42A3-9474-1A3956D46DE8}") = "Infrastructure", "Infrastructure", "{19D05908-C57F-4D5B-A5A0-B53C91DD826E}"
EndProject
Project("{2150E333-8FDC-42A3-9474-1A3956D46DE8}") = "Services", "Services", "{4D50D4E2-489C-4284-BE2A-C2ED2546A451}"
EndProject
Project("{2150E333-8FDC-42A3-9474-1A3956D46DE8}") = "WebApps", "WebApps", "{E0CB2541-B161-4ABC-BA85-FAD87F1F1E62}"
EndProject
Project("{2150E333-8FDC-42A3-9474-1A3956D46DE8}") = "Catalog", "Catalog", "{C81ED284-86FA-43F3-A00C-695DD1848C58}"
EndProject
Project("{9A19103F-16F7-4668-BE54-9A1E7A4F7556}") = "Catalog.API", "src\Services\Catalog\Catalog.API\Catalog.API.csproj", "{A62FB56A-6BB8-40AF-B827-16F72CA888AD}"
EndProject
Project("{9A19103F-16F7-4668-BE54-9A1E7A4F7556}") = "Catalog.Core", "src\Services\Catalog\Catalog.Core\Catalog.Core.csproj", "{4D3AC044-51CD-4DBD-8AD6-4B47323414A1}"
EndProject
Project("{9A19103F-16F7-4668-BE54-9A1E7A4F7556}") = "Catalog.Application", "src\Services\Catalog\Catalog.Application\Catalog.Application.csproj", "{F08772AE-20D2-4C3F-A168-BD43DE707531}"
EndProject
Project("{9A19103F-16F7-4668-BE54-9A1E7A4F7556}") = "Catalog.Infrastructure", "src\Services\Catalog\Catalog.Infrastructure\Catalog.Infrastructure.csproj", "{54C0B367-A10F-488C-A3AB-2806190F1636}"
EndProject
Project("{E53339B2-1760-4266-BCC7-CA923CBCF16C}") = "docker-compose", "docker-compose.dcproj", "{F091746F-608D-4A5A-8354-635B8B295972}"
EndProject
Project("{2150E333-8FDC-42A3-9474-1A3956D46DE8}") = "Basket", "Basket", "{982F960D-8AC7-40A9-AFF7-251309766BDC}"
EndProject
Project("{9A19103F-16F7-4668-BE54-9A1E7A4F7556}") = "Basket.Application", "src\Services\Basket\Basket.Application\Basket.Application.csproj", "{E86C0981-DA36-437E-B6D0-4989ED9B8E27}"
EndProject
Project("{9A19103F-16F7-4668-BE54-9A1E7A4F7556}") = "Basket.Core", "src\Services\Basket\Basket.Core\Basket.Core.csproj", "{66A14F09-6197-45C8-907B-C5A058B9E98C}"
EndProject
Project("{9A19103F-16F7-4668-BE54-9A1E7A4F7556}") = "Basket.Infrastructure", "src\Services\Basket\Basket.Infrastructure\Basket.Infrastructure.csproj", "{945CE6C3-9239-416C-AB09-63CAA0D0175A}"
EndProject
Project("{2150E333-8FDC-42A3-9474-1A3956D46DE8}") = "EventBus", "EventBus", "{74AD070D-44E2-4C2C-913E-9E3513DDB097}"
EndProject
Project("{9A19103F-16F7-4668-BE54-9A1E7A4F7556}") = "EventBus.Messages", "src\Infrastructure\EventBus\EventBus.Messages\EventBus.Messages.csproj", "{083ECB44-D26B-48DE-816E-860AB9D25915}"
EndProject
Project("{9A19103F-16F7-4668-BE54-9A1E7A4F7556}") = "Basket.Api", "src\Services\Basket\Basket.Api\Basket.Api.csproj", "{5425A2F9-7DAE-4197-8E50-94D8BFA9FAA8}"
EndProject
Project("{2150E333-8FDC-42A3-9474-1A3956D46DE8}") = "Discount", "Discount", "{1C585CEC-C061-4E2D-92DB-D61B007D3ECE}"
EndProject
Project("{9A19103F-16F7-4668-BE54-9A1E7A4F7556}") = "Discount.GRPC", "src\Services\Discount\Discount.GRPC\Discount.GRPC.csproj", "{E8C30978-7FEB-43BD-B596-7C7A3C78E7B8}"
EndProject
Project("{9A19103F-16F7-4668-BE54-9A1E7A4F7556}") = "Discount.Core", "src\Services\Discount\Discount.Core\Discount.Core.csproj", "{F49AF5A4-BA36-4941-9C41-8CE838279785}"
EndProject
Project("{9A19103F-16F7-4668-BE54-9A1E7A4F7556}") = "Discount.Application", "src\Services\Discount\Discount.Application\Discount.Application.csproj", "{D7494B8D-96DD-43AA-B0F8-26F3BDF432BE}"
EndProject
Project("{9A19103F-16F7-4668-BE54-9A1E7A4F7556}") = "Discount.Infrastructure", "src\Services\Discount\Discount.Infrastructure\Discount.Infrastructure.csproj", "{861AF1E3-7964-41B1-BB24-211A2CA8F08D}"
EndProject
Project("{2150E333-8FDC-42A3-9474-1A3956D46DE8}") = "Ordering", "Ordering", "{4E3B5483-FD2C-4D1F-A4EC-8A3C971A5E81}"
EndProject
Project("{9A19103F-16F7-4668-BE54-9A1E7A4F7556}") = "Ordering.Core", "src\Services\Ordering\Ordering.Core\Ordering.Core.csproj", "{BC3C68B9-07C4-48FF-9E2E-9D0E1FD98A3C}"
EndProject
Project("{9A19103F-16F7-4668-BE54-9A1E7A4F7556}") = "Ordering.Infrastructure", "src\Services\Ordering\Ordering.Infrastructure\Ordering.Infrastructure.csproj", "{AB0E25F9-513A-45AF-9201-6B799CEE1F66}"
EndProject
Project("{9A19103F-16F7-4668-BE54-9A1E7A4F7556}") = "Ordering.Application", "src\Services\Ordering\Ordering.Application\Ordering.Application.csproj", "{2040D813-ED99-4AA6-8C56-2EB724E2ADAF}"
EndProject
Project("{9A19103F-16F7-4668-BE54-9A1E7A4F7556}") = "Ordering.API", "src\Services\Ordering\Orderin.API\Ordering.API.csproj", "{934A3FD3-322B-40C2-82C7-DCFDB288FBAD}"
EndProject
Project("{2150E333-8FDC-42A3-9474-1A3956D46DE8}") = "BuildingBlocks", "BuildingBlocks", "{BA8D1DC4-BAE4-4E0C-BF87-48C9B78DA63A}"
EndProject
Project("{9A19103F-16F7-4668-BE54-9A1E7A4F7556}") = "Ocelot.ApiGateway", "src\ApiGateways\Ocelot.ApiGateway\Ocelot.ApiGateway.csproj", "{66B1B4A4-50F3-47D1-8414-6536BD011693}"
EndProject
Project("{2150E333-8FDC-42A3-9474-1A3956D46DE8}") = "Identity", "Identity", "{21FE060E-4B3F-4E94-A445-BB02E75677F1}"
EndProject
Project("{9A19103F-16F7-4668-BE54-9A1E7A4F7556}") = "IFShopping.Identity", "src\Infrastructure\IFShopping.Identity\IFShopping.Identity.csproj", "{BD98508C-8AA8-4F22-8F57-BF1BBD057CC4}"
EndProject
Project("{2150E333-8FDC-42A3-9474-1A3956D46DE8}") = "nginx", "nginx", "{55EEAD6F-79FE-40C3-B5A8-9EB86DD40FCD}"
	ProjectSection(SolutionItems) = preProject
		src\ApiGateways\nginx\api-local.conf = src\ApiGateways\nginx\api-local.conf
		src\ApiGateways\nginx\api-local.crt = src\ApiGateways\nginx\api-local.crt
		src\ApiGateways\nginx\api-local.key = src\ApiGateways\nginx\api-local.key
		src\ApiGateways\nginx\id-local.conf = src\ApiGateways\nginx\id-local.conf
		src\ApiGateways\nginx\id-local.crt = src\ApiGateways\nginx\id-local.crt
		src\ApiGateways\nginx\id-local.key = src\ApiGateways\nginx\id-local.key
		src\ApiGateways\nginx\nginx.Dockerfile = src\ApiGateways\nginx\nginx.Dockerfile
		src\ApiGateways\nginx\nginx.local.conf = src\ApiGateways\nginx\nginx.local.conf
	EndProjectSection
EndProject
Global
	GlobalSection(SolutionConfigurationPlatforms) = preSolution
		Debug|Any CPU = Debug|Any CPU
		Release|Any CPU = Release|Any CPU
	EndGlobalSection
	GlobalSection(ProjectConfigurationPlatforms) = postSolution
		{A62FB56A-6BB8-40AF-B827-16F72CA888AD}.Debug|Any CPU.ActiveCfg = Debug|Any CPU
		{A62FB56A-6BB8-40AF-B827-16F72CA888AD}.Debug|Any CPU.Build.0 = Debug|Any CPU
		{A62FB56A-6BB8-40AF-B827-16F72CA888AD}.Release|Any CPU.ActiveCfg = Release|Any CPU
		{A62FB56A-6BB8-40AF-B827-16F72CA888AD}.Release|Any CPU.Build.0 = Release|Any CPU
		{4D3AC044-51CD-4DBD-8AD6-4B47323414A1}.Debug|Any CPU.ActiveCfg = Debug|Any CPU
		{4D3AC044-51CD-4DBD-8AD6-4B47323414A1}.Debug|Any CPU.Build.0 = Debug|Any CPU
		{4D3AC044-51CD-4DBD-8AD6-4B47323414A1}.Release|Any CPU.ActiveCfg = Release|Any CPU
		{4D3AC044-51CD-4DBD-8AD6-4B47323414A1}.Release|Any CPU.Build.0 = Release|Any CPU
		{F08772AE-20D2-4C3F-A168-BD43DE707531}.Debug|Any CPU.ActiveCfg = Debug|Any CPU
		{F08772AE-20D2-4C3F-A168-BD43DE707531}.Debug|Any CPU.Build.0 = Debug|Any CPU
		{F08772AE-20D2-4C3F-A168-BD43DE707531}.Release|Any CPU.ActiveCfg = Release|Any CPU
		{F08772AE-20D2-4C3F-A168-BD43DE707531}.Release|Any CPU.Build.0 = Release|Any CPU
		{54C0B367-A10F-488C-A3AB-2806190F1636}.Debug|Any CPU.ActiveCfg = Debug|Any CPU
		{54C0B367-A10F-488C-A3AB-2806190F1636}.Debug|Any CPU.Build.0 = Debug|Any CPU
		{54C0B367-A10F-488C-A3AB-2806190F1636}.Release|Any CPU.ActiveCfg = Release|Any CPU
		{54C0B367-A10F-488C-A3AB-2806190F1636}.Release|Any CPU.Build.0 = Release|Any CPU
		{F091746F-608D-4A5A-8354-635B8B295972}.Debug|Any CPU.ActiveCfg = Debug|Any CPU
		{F091746F-608D-4A5A-8354-635B8B295972}.Debug|Any CPU.Build.0 = Debug|Any CPU
		{F091746F-608D-4A5A-8354-635B8B295972}.Release|Any CPU.ActiveCfg = Release|Any CPU
		{F091746F-608D-4A5A-8354-635B8B295972}.Release|Any CPU.Build.0 = Release|Any CPU
		{E86C0981-DA36-437E-B6D0-4989ED9B8E27}.Debug|Any CPU.ActiveCfg = Debug|Any CPU
		{E86C0981-DA36-437E-B6D0-4989ED9B8E27}.Debug|Any CPU.Build.0 = Debug|Any CPU
		{E86C0981-DA36-437E-B6D0-4989ED9B8E27}.Release|Any CPU.ActiveCfg = Release|Any CPU
		{E86C0981-DA36-437E-B6D0-4989ED9B8E27}.Release|Any CPU.Build.0 = Release|Any CPU
		{66A14F09-6197-45C8-907B-C5A058B9E98C}.Debug|Any CPU.ActiveCfg = Debug|Any CPU
		{66A14F09-6197-45C8-907B-C5A058B9E98C}.Debug|Any CPU.Build.0 = Debug|Any CPU
		{66A14F09-6197-45C8-907B-C5A058B9E98C}.Release|Any CPU.ActiveCfg = Release|Any CPU
		{66A14F09-6197-45C8-907B-C5A058B9E98C}.Release|Any CPU.Build.0 = Release|Any CPU
		{945CE6C3-9239-416C-AB09-63CAA0D0175A}.Debug|Any CPU.ActiveCfg = Debug|Any CPU
		{945CE6C3-9239-416C-AB09-63CAA0D0175A}.Debug|Any CPU.Build.0 = Debug|Any CPU
		{945CE6C3-9239-416C-AB09-63CAA0D0175A}.Release|Any CPU.ActiveCfg = Release|Any CPU
		{945CE6C3-9239-416C-AB09-63CAA0D0175A}.Release|Any CPU.Build.0 = Release|Any CPU
		{083ECB44-D26B-48DE-816E-860AB9D25915}.Debug|Any CPU.ActiveCfg = Debug|Any CPU
		{083ECB44-D26B-48DE-816E-860AB9D25915}.Debug|Any CPU.Build.0 = Debug|Any CPU
		{083ECB44-D26B-48DE-816E-860AB9D25915}.Release|Any CPU.ActiveCfg = Release|Any CPU
		{083ECB44-D26B-48DE-816E-860AB9D25915}.Release|Any CPU.Build.0 = Release|Any CPU
		{5425A2F9-7DAE-4197-8E50-94D8BFA9FAA8}.Debug|Any CPU.ActiveCfg = Debug|Any CPU
		{5425A2F9-7DAE-4197-8E50-94D8BFA9FAA8}.Debug|Any CPU.Build.0 = Debug|Any CPU
		{5425A2F9-7DAE-4197-8E50-94D8BFA9FAA8}.Release|Any CPU.ActiveCfg = Release|Any CPU
		{5425A2F9-7DAE-4197-8E50-94D8BFA9FAA8}.Release|Any CPU.Build.0 = Release|Any CPU
		{E8C30978-7FEB-43BD-B596-7C7A3C78E7B8}.Debug|Any CPU.ActiveCfg = Debug|Any CPU
		{E8C30978-7FEB-43BD-B596-7C7A3C78E7B8}.Debug|Any CPU.Build.0 = Debug|Any CPU
		{E8C30978-7FEB-43BD-B596-7C7A3C78E7B8}.Release|Any CPU.ActiveCfg = Release|Any CPU
		{E8C30978-7FEB-43BD-B596-7C7A3C78E7B8}.Release|Any CPU.Build.0 = Release|Any CPU
		{F49AF5A4-BA36-4941-9C41-8CE838279785}.Debug|Any CPU.ActiveCfg = Debug|Any CPU
		{F49AF5A4-BA36-4941-9C41-8CE838279785}.Debug|Any CPU.Build.0 = Debug|Any CPU
		{F49AF5A4-BA36-4941-9C41-8CE838279785}.Release|Any CPU.ActiveCfg = Release|Any CPU
		{F49AF5A4-BA36-4941-9C41-8CE838279785}.Release|Any CPU.Build.0 = Release|Any CPU
		{D7494B8D-96DD-43AA-B0F8-26F3BDF432BE}.Debug|Any CPU.ActiveCfg = Debug|Any CPU
		{D7494B8D-96DD-43AA-B0F8-26F3BDF432BE}.Debug|Any CPU.Build.0 = Debug|Any CPU
		{D7494B8D-96DD-43AA-B0F8-26F3BDF432BE}.Release|Any CPU.ActiveCfg = Release|Any CPU
		{D7494B8D-96DD-43AA-B0F8-26F3BDF432BE}.Release|Any CPU.Build.0 = Release|Any CPU
		{861AF1E3-7964-41B1-BB24-211A2CA8F08D}.Debug|Any CPU.ActiveCfg = Debug|Any CPU
		{861AF1E3-7964-41B1-BB24-211A2CA8F08D}.Debug|Any CPU.Build.0 = Debug|Any CPU
		{861AF1E3-7964-41B1-BB24-211A2CA8F08D}.Release|Any CPU.ActiveCfg = Release|Any CPU
		{861AF1E3-7964-41B1-BB24-211A2CA8F08D}.Release|Any CPU.Build.0 = Release|Any CPU
		{BC3C68B9-07C4-48FF-9E2E-9D0E1FD98A3C}.Debug|Any CPU.ActiveCfg = Debug|Any CPU
		{BC3C68B9-07C4-48FF-9E2E-9D0E1FD98A3C}.Debug|Any CPU.Build.0 = Debug|Any CPU
		{BC3C68B9-07C4-48FF-9E2E-9D0E1FD98A3C}.Release|Any CPU.ActiveCfg = Release|Any CPU
		{BC3C68B9-07C4-48FF-9E2E-9D0E1FD98A3C}.Release|Any CPU.Build.0 = Release|Any CPU
		{AB0E25F9-513A-45AF-9201-6B799CEE1F66}.Debug|Any CPU.ActiveCfg = Debug|Any CPU
		{AB0E25F9-513A-45AF-9201-6B799CEE1F66}.Debug|Any CPU.Build.0 = Debug|Any CPU
		{AB0E25F9-513A-45AF-9201-6B799CEE1F66}.Release|Any CPU.ActiveCfg = Release|Any CPU
		{AB0E25F9-513A-45AF-9201-6B799CEE1F66}.Release|Any CPU.Build.0 = Release|Any CPU
		{2040D813-ED99-4AA6-8C56-2EB724E2ADAF}.Debug|Any CPU.ActiveCfg = Debug|Any CPU
		{2040D813-ED99-4AA6-8C56-2EB724E2ADAF}.Debug|Any CPU.Build.0 = Debug|Any CPU
		{2040D813-ED99-4AA6-8C56-2EB724E2ADAF}.Release|Any CPU.ActiveCfg = Release|Any CPU
		{2040D813-ED99-4AA6-8C56-2EB724E2ADAF}.Release|Any CPU.Build.0 = Release|Any CPU
		{934A3FD3-322B-40C2-82C7-DCFDB288FBAD}.Debug|Any CPU.ActiveCfg = Debug|Any CPU
		{934A3FD3-322B-40C2-82C7-DCFDB288FBAD}.Debug|Any CPU.Build.0 = Debug|Any CPU
		{934A3FD3-322B-40C2-82C7-DCFDB288FBAD}.Release|Any CPU.ActiveCfg = Release|Any CPU
		{934A3FD3-322B-40C2-82C7-DCFDB288FBAD}.Release|Any CPU.Build.0 = Release|Any CPU
		{66B1B4A4-50F3-47D1-8414-6536BD011693}.Debug|Any CPU.ActiveCfg = Debug|Any CPU
		{66B1B4A4-50F3-47D1-8414-6536BD011693}.Debug|Any CPU.Build.0 = Debug|Any CPU
		{66B1B4A4-50F3-47D1-8414-6536BD011693}.Release|Any CPU.ActiveCfg = Release|Any CPU
		{66B1B4A4-50F3-47D1-8414-6536BD011693}.Release|Any CPU.Build.0 = Release|Any CPU
		{BD98508C-8AA8-4F22-8F57-BF1BBD057CC4}.Debug|Any CPU.ActiveCfg = Debug|Any CPU
		{BD98508C-8AA8-4F22-8F57-BF1BBD057CC4}.Debug|Any CPU.Build.0 = Debug|Any CPU
		{BD98508C-8AA8-4F22-8F57-BF1BBD057CC4}.Release|Any CPU.ActiveCfg = Release|Any CPU
		{BD98508C-8AA8-4F22-8F57-BF1BBD057CC4}.Release|Any CPU.Build.0 = Release|Any CPU
	EndGlobalSection
	GlobalSection(SolutionProperties) = preSolution
		HideSolutionNode = FALSE
	EndGlobalSection
	GlobalSection(NestedProjects) = preSolution
		{C81ED284-86FA-43F3-A00C-695DD1848C58} = {4D50D4E2-489C-4284-BE2A-C2ED2546A451}
		{A62FB56A-6BB8-40AF-B827-16F72CA888AD} = {C81ED284-86FA-43F3-A00C-695DD1848C58}
		{4D3AC044-51CD-4DBD-8AD6-4B47323414A1} = {C81ED284-86FA-43F3-A00C-695DD1848C58}
		{F08772AE-20D2-4C3F-A168-BD43DE707531} = {C81ED284-86FA-43F3-A00C-695DD1848C58}
		{54C0B367-A10F-488C-A3AB-2806190F1636} = {C81ED284-86FA-43F3-A00C-695DD1848C58}
		{982F960D-8AC7-40A9-AFF7-251309766BDC} = {4D50D4E2-489C-4284-BE2A-C2ED2546A451}
		{E86C0981-DA36-437E-B6D0-4989ED9B8E27} = {982F960D-8AC7-40A9-AFF7-251309766BDC}
		{66A14F09-6197-45C8-907B-C5A058B9E98C} = {982F960D-8AC7-40A9-AFF7-251309766BDC}
		{945CE6C3-9239-416C-AB09-63CAA0D0175A} = {982F960D-8AC7-40A9-AFF7-251309766BDC}
		{74AD070D-44E2-4C2C-913E-9E3513DDB097} = {19D05908-C57F-4D5B-A5A0-B53C91DD826E}
		{083ECB44-D26B-48DE-816E-860AB9D25915} = {74AD070D-44E2-4C2C-913E-9E3513DDB097}
		{5425A2F9-7DAE-4197-8E50-94D8BFA9FAA8} = {982F960D-8AC7-40A9-AFF7-251309766BDC}
		{1C585CEC-C061-4E2D-92DB-D61B007D3ECE} = {4D50D4E2-489C-4284-BE2A-C2ED2546A451}
		{E8C30978-7FEB-43BD-B596-7C7A3C78E7B8} = {1C585CEC-C061-4E2D-92DB-D61B007D3ECE}
		{F49AF5A4-BA36-4941-9C41-8CE838279785} = {1C585CEC-C061-4E2D-92DB-D61B007D3ECE}
		{D7494B8D-96DD-43AA-B0F8-26F3BDF432BE} = {1C585CEC-C061-4E2D-92DB-D61B007D3ECE}
		{861AF1E3-7964-41B1-BB24-211A2CA8F08D} = {1C585CEC-C061-4E2D-92DB-D61B007D3ECE}
		{4E3B5483-FD2C-4D1F-A4EC-8A3C971A5E81} = {4D50D4E2-489C-4284-BE2A-C2ED2546A451}
		{BC3C68B9-07C4-48FF-9E2E-9D0E1FD98A3C} = {4E3B5483-FD2C-4D1F-A4EC-8A3C971A5E81}
		{AB0E25F9-513A-45AF-9201-6B799CEE1F66} = {4E3B5483-FD2C-4D1F-A4EC-8A3C971A5E81}
		{2040D813-ED99-4AA6-8C56-2EB724E2ADAF} = {4E3B5483-FD2C-4D1F-A4EC-8A3C971A5E81}
		{934A3FD3-322B-40C2-82C7-DCFDB288FBAD} = {4E3B5483-FD2C-4D1F-A4EC-8A3C971A5E81}
		{66B1B4A4-50F3-47D1-8414-6536BD011693} = {46C0B672-21F6-45BA-AF7A-F7BCCBE8997F}
		{21FE060E-4B3F-4E94-A445-BB02E75677F1} = {19D05908-C57F-4D5B-A5A0-B53C91DD826E}
		{BD98508C-8AA8-4F22-8F57-BF1BBD057CC4} = {21FE060E-4B3F-4E94-A445-BB02E75677F1}
		{55EEAD6F-79FE-40C3-B5A8-9EB86DD40FCD} = {46C0B672-21F6-45BA-AF7A-F7BCCBE8997F}
	EndGlobalSection
	GlobalSection(ExtensibilityGlobals) = postSolution
		SolutionGuid = {2D898D7D-A4A5-464D-805D-D5A2836B6E46}
	EndGlobalSection
EndGlobal
